// !$*UTF8*$!
{
	archiveVersion = 1;
	classes = {
	};
	objectVersion = 50;
	objects = {

/* Begin PBXBuildFile section */
		AACAAC6826D2EA66000A6311 /* AppDelegate.swift in Sources */ = {isa = PBXBuildFile; fileRef = AACAAC6726D2EA66000A6311 /* AppDelegate.swift */; };
		AACAAC6A26D2EA66000A6311 /* SceneDelegate.swift in Sources */ = {isa = PBXBuildFile; fileRef = AACAAC6926D2EA66000A6311 /* SceneDelegate.swift */; };
		AACAAC6C26D2EA66000A6311 /* HomeViewController.swift in Sources */ = {isa = PBXBuildFile; fileRef = AACAAC6B26D2EA66000A6311 /* HomeViewController.swift */; };
		AACAAC6F26D2EA66000A6311 /* Main.storyboard in Resources */ = {isa = PBXBuildFile; fileRef = AACAAC6D26D2EA66000A6311 /* Main.storyboard */; };
		AACAAC7126D2EA66000A6311 /* Assets.xcassets in Resources */ = {isa = PBXBuildFile; fileRef = AACAAC7026D2EA66000A6311 /* Assets.xcassets */; };
		AACAAC7426D2EA66000A6311 /* LaunchScreen.storyboard in Resources */ = {isa = PBXBuildFile; fileRef = AACAAC7226D2EA66000A6311 /* LaunchScreen.storyboard */; };
		AACAAC8126D2FF9E000A6311 /* AppController.swift in Sources */ = {isa = PBXBuildFile; fileRef = AACAAC8026D2FF9E000A6311 /* AppController.swift */; };
		AACAAC8426D300CC000A6311 /* Habit.swift in Sources */ = {isa = PBXBuildFile; fileRef = AACAAC8326D300CC000A6311 /* Habit.swift */; };
		AACAAC8826D30B6E000A6311 /* AddHabitController.swift in Sources */ = {isa = PBXBuildFile; fileRef = AACAAC8726D30B6E000A6311 /* AddHabitController.swift */; };
		AACAAC8C26D30C27000A6311 /* AddHabitComponentViewController.swift in Sources */ = {isa = PBXBuildFile; fileRef = AACAAC8B26D30C27000A6311 /* AddHabitComponentViewController.swift */; };
		AACAAC8E26D30F1B000A6311 /* AddHabitTitleViewController.swift in Sources */ = {isa = PBXBuildFile; fileRef = AACAAC8D26D30F1B000A6311 /* AddHabitTitleViewController.swift */; };
		AACAAC9026D31B74000A6311 /* AddHabitIntervalViewController.swift in Sources */ = {isa = PBXBuildFile; fileRef = AACAAC8F26D31B74000A6311 /* AddHabitIntervalViewController.swift */; };
		AACAAC9226D322F6000A6311 /* UIStackView+componentStack.swift in Sources */ = {isa = PBXBuildFile; fileRef = AACAAC9126D322F6000A6311 /* UIStackView+componentStack.swift */; };
/* End PBXBuildFile section */

/* Begin PBXFileReference section */
		AACAAC6426D2EA66000A6311 /* Addiction Timer.app */ = {isa = PBXFileReference; explicitFileType = wrapper.application; includeInIndex = 0; path = "Addiction Timer.app"; sourceTree = BUILT_PRODUCTS_DIR; };
		AACAAC6726D2EA66000A6311 /* AppDelegate.swift */ = {isa = PBXFileReference; lastKnownFileType = sourcecode.swift; path = AppDelegate.swift; sourceTree = "<group>"; };
		AACAAC6926D2EA66000A6311 /* SceneDelegate.swift */ = {isa = PBXFileReference; lastKnownFileType = sourcecode.swift; path = SceneDelegate.swift; sourceTree = "<group>"; };
		AACAAC6B26D2EA66000A6311 /* HomeViewController.swift */ = {isa = PBXFileReference; lastKnownFileType = sourcecode.swift; path = HomeViewController.swift; sourceTree = "<group>"; };
		AACAAC6E26D2EA66000A6311 /* Base */ = {isa = PBXFileReference; lastKnownFileType = file.storyboard; name = Base; path = Base.lproj/Main.storyboard; sourceTree = "<group>"; };
		AACAAC7026D2EA66000A6311 /* Assets.xcassets */ = {isa = PBXFileReference; lastKnownFileType = folder.assetcatalog; path = Assets.xcassets; sourceTree = "<group>"; };
		AACAAC7326D2EA66000A6311 /* Base */ = {isa = PBXFileReference; lastKnownFileType = file.storyboard; name = Base; path = Base.lproj/LaunchScreen.storyboard; sourceTree = "<group>"; };
		AACAAC7526D2EA66000A6311 /* Info.plist */ = {isa = PBXFileReference; lastKnownFileType = text.plist.xml; path = Info.plist; sourceTree = "<group>"; };
		AACAAC8026D2FF9E000A6311 /* AppController.swift */ = {isa = PBXFileReference; lastKnownFileType = sourcecode.swift; path = AppController.swift; sourceTree = "<group>"; };
		AACAAC8326D300CC000A6311 /* Habit.swift */ = {isa = PBXFileReference; lastKnownFileType = sourcecode.swift; path = Habit.swift; sourceTree = "<group>"; };
		AACAAC8726D30B6E000A6311 /* AddHabitController.swift */ = {isa = PBXFileReference; lastKnownFileType = sourcecode.swift; path = AddHabitController.swift; sourceTree = "<group>"; };
		AACAAC8B26D30C27000A6311 /* AddHabitComponentViewController.swift */ = {isa = PBXFileReference; lastKnownFileType = sourcecode.swift; path = AddHabitComponentViewController.swift; sourceTree = "<group>"; };
		AACAAC8D26D30F1B000A6311 /* AddHabitTitleViewController.swift */ = {isa = PBXFileReference; lastKnownFileType = sourcecode.swift; path = AddHabitTitleViewController.swift; sourceTree = "<group>"; };
		AACAAC8F26D31B74000A6311 /* AddHabitIntervalViewController.swift */ = {isa = PBXFileReference; lastKnownFileType = sourcecode.swift; path = AddHabitIntervalViewController.swift; sourceTree = "<group>"; };
		AACAAC9126D322F6000A6311 /* UIStackView+componentStack.swift */ = {isa = PBXFileReference; lastKnownFileType = sourcecode.swift; path = "UIStackView+componentStack.swift"; sourceTree = "<group>"; };
/* End PBXFileReference section */

/* Begin PBXFrameworksBuildPhase section */
		AACAAC6126D2EA66000A6311 /* Frameworks */ = {
			isa = PBXFrameworksBuildPhase;
			buildActionMask = 2147483647;
			files = (
			);
			runOnlyForDeploymentPostprocessing = 0;
		};
/* End PBXFrameworksBuildPhase section */

/* Begin PBXGroup section */
		AACAAC5B26D2EA66000A6311 = {
			isa = PBXGroup;
			children = (
				AACAAC6626D2EA66000A6311 /* Addiction Timer */,
				AACAAC6526D2EA66000A6311 /* Products */,
			);
			sourceTree = "<group>";
		};
		AACAAC6526D2EA66000A6311 /* Products */ = {
			isa = PBXGroup;
			children = (
				AACAAC6426D2EA66000A6311 /* Addiction Timer.app */,
			);
			name = Products;
			sourceTree = "<group>";
		};
		AACAAC6626D2EA66000A6311 /* Addiction Timer */ = {
			isa = PBXGroup;
			children = (
				AACAAC7D26D2FDC5000A6311 /* App */,
				AACAAC8226D300C0000A6311 /* Model */,
				AACAAC7C26D2FDBB000A6311 /* View */,
				AACAAC7B26D2EB08000A6311 /* Controller */,
				AACAAC8526D30B27000A6311 /* Features */,
			);
			path = "Addiction Timer";
			sourceTree = "<group>";
		};
		AACAAC7B26D2EB08000A6311 /* Controller */ = {
			isa = PBXGroup;
			children = (
				AACAAC7F26D2FF90000A6311 /* Model Controllers */,
				AACAAC7E26D2FF87000A6311 /* View Controllers */,
			);
			path = Controller;
			sourceTree = "<group>";
		};
		AACAAC7C26D2FDBB000A6311 /* View */ = {
			isa = PBXGroup;
			children = (
				AACAAC7026D2EA66000A6311 /* Assets.xcassets */,
				AACAAC7226D2EA66000A6311 /* LaunchScreen.storyboard */,
				AACAAC6D26D2EA66000A6311 /* Main.storyboard */,
				AACAAC9126D322F6000A6311 /* UIStackView+componentStack.swift */,
			);
			path = View;
			sourceTree = "<group>";
		};
		AACAAC7D26D2FDC5000A6311 /* App */ = {
			isa = PBXGroup;
			children = (
				AACAAC7526D2EA66000A6311 /* Info.plist */,
				AACAAC6726D2EA66000A6311 /* AppDelegate.swift */,
				AACAAC6926D2EA66000A6311 /* SceneDelegate.swift */,
			);
			name = App;
			sourceTree = "<group>";
		};
		AACAAC7E26D2FF87000A6311 /* View Controllers */ = {
			isa = PBXGroup;
			children = (
				AACAAC6B26D2EA66000A6311 /* HomeViewController.swift */,
			);
			path = "View Controllers";
			sourceTree = "<group>";
		};
		AACAAC7F26D2FF90000A6311 /* Model Controllers */ = {
			isa = PBXGroup;
			children = (
				AACAAC8026D2FF9E000A6311 /* AppController.swift */,
			);
			path = "Model Controllers";
			sourceTree = "<group>";
		};
		AACAAC8226D300C0000A6311 /* Model */ = {
			isa = PBXGroup;
			children = (
				AACAAC8326D300CC000A6311 /* Habit.swift */,
			);
			path = Model;
			sourceTree = "<group>";
		};
		AACAAC8526D30B27000A6311 /* Features */ = {
			isa = PBXGroup;
			children = (
				AACAAC8626D30B53000A6311 /* Add Habit */,
			);
			path = Features;
			sourceTree = "<group>";
		};
		AACAAC8626D30B53000A6311 /* Add Habit */ = {
			isa = PBXGroup;
			children = (
				AACAAC8726D30B6E000A6311 /* AddHabitController.swift */,
				AACAAC8B26D30C27000A6311 /* AddHabitComponentViewController.swift */,
				AACAAC8D26D30F1B000A6311 /* AddHabitTitleViewController.swift */,
				AACAAC8F26D31B74000A6311 /* AddHabitIntervalViewController.swift */,
			);
			path = "Add Habit";
			sourceTree = "<group>";
		};
/* End PBXGroup section */

/* Begin PBXNativeTarget section */
		AACAAC6326D2EA66000A6311 /* Addiction Timer */ = {
			isa = PBXNativeTarget;
			buildConfigurationList = AACAAC7826D2EA66000A6311 /* Build configuration list for PBXNativeTarget "Addiction Timer" */;
			buildPhases = (
				AACAAC6026D2EA66000A6311 /* Sources */,
				AACAAC6126D2EA66000A6311 /* Frameworks */,
				AACAAC6226D2EA66000A6311 /* Resources */,
			);
			buildRules = (
			);
			dependencies = (
			);
			name = "Addiction Timer";
			productName = "Addiction Timer";
			productReference = AACAAC6426D2EA66000A6311 /* Addiction Timer.app */;
			productType = "com.apple.product-type.application";
		};
/* End PBXNativeTarget section */

/* Begin PBXProject section */
		AACAAC5C26D2EA66000A6311 /* Project object */ = {
			isa = PBXProject;
			attributes = {
				LastSwiftUpdateCheck = 1250;
				LastUpgradeCheck = 1250;
				TargetAttributes = {
					AACAAC6326D2EA66000A6311 = {
						CreatedOnToolsVersion = 12.5.1;
					};
				};
			};
			buildConfigurationList = AACAAC5F26D2EA66000A6311 /* Build configuration list for PBXProject "Addiction Timer" */;
			compatibilityVersion = "Xcode 9.3";
			developmentRegion = en;
			hasScannedForEncodings = 0;
			knownRegions = (
				en,
				Base,
			);
			mainGroup = AACAAC5B26D2EA66000A6311;
			productRefGroup = AACAAC6526D2EA66000A6311 /* Products */;
			projectDirPath = "";
			projectRoot = "";
			targets = (
				AACAAC6326D2EA66000A6311 /* Addiction Timer */,
			);
		};
/* End PBXProject section */

/* Begin PBXResourcesBuildPhase section */
		AACAAC6226D2EA66000A6311 /* Resources */ = {
			isa = PBXResourcesBuildPhase;
			buildActionMask = 2147483647;
			files = (
				AACAAC7426D2EA66000A6311 /* LaunchScreen.storyboard in Resources */,
				AACAAC7126D2EA66000A6311 /* Assets.xcassets in Resources */,
				AACAAC6F26D2EA66000A6311 /* Main.storyboard in Resources */,
			);
			runOnlyForDeploymentPostprocessing = 0;
		};
/* End PBXResourcesBuildPhase section */

/* Begin PBXSourcesBuildPhase section */
		AACAAC6026D2EA66000A6311 /* Sources */ = {
			isa = PBXSourcesBuildPhase;
			buildActionMask = 2147483647;
			files = (
				AACAAC6C26D2EA66000A6311 /* HomeViewController.swift in Sources */,
				AACAAC8426D300CC000A6311 /* Habit.swift in Sources */,
				AACAAC9226D322F6000A6311 /* UIStackView+componentStack.swift in Sources */,
				AACAAC8E26D30F1B000A6311 /* AddHabitTitleViewController.swift in Sources */,
				AACAAC6826D2EA66000A6311 /* AppDelegate.swift in Sources */,
				AACAAC6A26D2EA66000A6311 /* SceneDelegate.swift in Sources */,
				AACAAC8826D30B6E000A6311 /* AddHabitController.swift in Sources */,
				AACAAC8C26D30C27000A6311 /* AddHabitComponentViewController.swift in Sources */,
				AACAAC9026D31B74000A6311 /* AddHabitIntervalViewController.swift in Sources */,
				AACAAC8126D2FF9E000A6311 /* AppController.swift in Sources */,
			);
			runOnlyForDeploymentPostprocessing = 0;
		};
/* End PBXSourcesBuildPhase section */

/* Begin PBXVariantGroup section */
		AACAAC6D26D2EA66000A6311 /* Main.storyboard */ = {
			isa = PBXVariantGroup;
			children = (
				AACAAC6E26D2EA66000A6311 /* Base */,
			);
			name = Main.storyboard;
			sourceTree = "<group>";
		};
		AACAAC7226D2EA66000A6311 /* LaunchScreen.storyboard */ = {
			isa = PBXVariantGroup;
			children = (
				AACAAC7326D2EA66000A6311 /* Base */,
			);
			name = LaunchScreen.storyboard;
			sourceTree = "<group>";
		};
/* End PBXVariantGroup section */

/* Begin XCBuildConfiguration section */
		AACAAC7626D2EA66000A6311 /* Debug */ = {
			isa = XCBuildConfiguration;
			buildSettings = {
				ALWAYS_SEARCH_USER_PATHS = NO;
				CLANG_ANALYZER_NONNULL = YES;
				CLANG_ANALYZER_NUMBER_OBJECT_CONVERSION = YES_AGGRESSIVE;
				CLANG_CXX_LANGUAGE_STANDARD = "gnu++14";
				CLANG_CXX_LIBRARY = "libc++";
				CLANG_ENABLE_MODULES = YES;
				CLANG_ENABLE_OBJC_ARC = YES;
				CLANG_ENABLE_OBJC_WEAK = YES;
				CLANG_WARN_BLOCK_CAPTURE_AUTORELEASING = YES;
				CLANG_WARN_BOOL_CONVERSION = YES;
				CLANG_WARN_COMMA = YES;
				CLANG_WARN_CONSTANT_CONVERSION = YES;
				CLANG_WARN_DEPRECATED_OBJC_IMPLEMENTATIONS = YES;
				CLANG_WARN_DIRECT_OBJC_ISA_USAGE = YES_ERROR;
				CLANG_WARN_DOCUMENTATION_COMMENTS = YES;
				CLANG_WARN_EMPTY_BODY = YES;
				CLANG_WARN_ENUM_CONVERSION = YES;
				CLANG_WARN_INFINITE_RECURSION = YES;
				CLANG_WARN_INT_CONVERSION = YES;
				CLANG_WARN_NON_LITERAL_NULL_CONVERSION = YES;
				CLANG_WARN_OBJC_IMPLICIT_RETAIN_SELF = YES;
				CLANG_WARN_OBJC_LITERAL_CONVERSION = YES;
				CLANG_WARN_OBJC_ROOT_CLASS = YES_ERROR;
				CLANG_WARN_QUOTED_INCLUDE_IN_FRAMEWORK_HEADER = YES;
				CLANG_WARN_RANGE_LOOP_ANALYSIS = YES;
				CLANG_WARN_STRICT_PROTOTYPES = YES;
				CLANG_WARN_SUSPICIOUS_MOVE = YES;
				CLANG_WARN_UNGUARDED_AVAILABILITY = YES_AGGRESSIVE;
				CLANG_WARN_UNREACHABLE_CODE = YES;
				CLANG_WARN__DUPLICATE_METHOD_MATCH = YES;
				COPY_PHASE_STRIP = NO;
				DEBUG_INFORMATION_FORMAT = dwarf;
				ENABLE_STRICT_OBJC_MSGSEND = YES;
				ENABLE_TESTABILITY = YES;
				GCC_C_LANGUAGE_STANDARD = gnu11;
				GCC_DYNAMIC_NO_PIC = NO;
				GCC_NO_COMMON_BLOCKS = YES;
				GCC_OPTIMIZATION_LEVEL = 0;
				GCC_PREPROCESSOR_DEFINITIONS = (
					"DEBUG=1",
					"$(inherited)",
				);
				GCC_WARN_64_TO_32_BIT_CONVERSION = YES;
				GCC_WARN_ABOUT_RETURN_TYPE = YES_ERROR;
				GCC_WARN_UNDECLARED_SELECTOR = YES;
				GCC_WARN_UNINITIALIZED_AUTOS = YES_AGGRESSIVE;
				GCC_WARN_UNUSED_FUNCTION = YES;
				GCC_WARN_UNUSED_VARIABLE = YES;
				IPHONEOS_DEPLOYMENT_TARGET = 14.5;
				MTL_ENABLE_DEBUG_INFO = INCLUDE_SOURCE;
				MTL_FAST_MATH = YES;
				ONLY_ACTIVE_ARCH = YES;
				SDKROOT = iphoneos;
				SWIFT_ACTIVE_COMPILATION_CONDITIONS = DEBUG;
				SWIFT_OPTIMIZATION_LEVEL = "-Onone";
			};
			name = Debug;
		};
		AACAAC7726D2EA66000A6311 /* Release */ = {
			isa = XCBuildConfiguration;
			buildSettings = {
				ALWAYS_SEARCH_USER_PATHS = NO;
				CLANG_ANALYZER_NONNULL = YES;
				CLANG_ANALYZER_NUMBER_OBJECT_CONVERSION = YES_AGGRESSIVE;
				CLANG_CXX_LANGUAGE_STANDARD = "gnu++14";
				CLANG_CXX_LIBRARY = "libc++";
				CLANG_ENABLE_MODULES = YES;
				CLANG_ENABLE_OBJC_ARC = YES;
				CLANG_ENABLE_OBJC_WEAK = YES;
				CLANG_WARN_BLOCK_CAPTURE_AUTORELEASING = YES;
				CLANG_WARN_BOOL_CONVERSION = YES;
				CLANG_WARN_COMMA = YES;
				CLANG_WARN_CONSTANT_CONVERSION = YES;
				CLANG_WARN_DEPRECATED_OBJC_IMPLEMENTATIONS = YES;
				CLANG_WARN_DIRECT_OBJC_ISA_USAGE = YES_ERROR;
				CLANG_WARN_DOCUMENTATION_COMMENTS = YES;
				CLANG_WARN_EMPTY_BODY = YES;
				CLANG_WARN_ENUM_CONVERSION = YES;
				CLANG_WARN_INFINITE_RECURSION = YES;
				CLANG_WARN_INT_CONVERSION = YES;
				CLANG_WARN_NON_LITERAL_NULL_CONVERSION = YES;
				CLANG_WARN_OBJC_IMPLICIT_RETAIN_SELF = YES;
				CLANG_WARN_OBJC_LITERAL_CONVERSION = YES;
				CLANG_WARN_OBJC_ROOT_CLASS = YES_ERROR;
				CLANG_WARN_QUOTED_INCLUDE_IN_FRAMEWORK_HEADER = YES;
				CLANG_WARN_RANGE_LOOP_ANALYSIS = YES;
				CLANG_WARN_STRICT_PROTOTYPES = YES;
				CLANG_WARN_SUSPICIOUS_MOVE = YES;
				CLANG_WARN_UNGUARDED_AVAILABILITY = YES_AGGRESSIVE;
				CLANG_WARN_UNREACHABLE_CODE = YES;
				CLANG_WARN__DUPLICATE_METHOD_MATCH = YES;
				COPY_PHASE_STRIP = NO;
				DEBUG_INFORMATION_FORMAT = "dwarf-with-dsym";
				ENABLE_NS_ASSERTIONS = NO;
				ENABLE_STRICT_OBJC_MSGSEND = YES;
				GCC_C_LANGUAGE_STANDARD = gnu11;
				GCC_NO_COMMON_BLOCKS = YES;
				GCC_WARN_64_TO_32_BIT_CONVERSION = YES;
				GCC_WARN_ABOUT_RETURN_TYPE = YES_ERROR;
				GCC_WARN_UNDECLARED_SELECTOR = YES;
				GCC_WARN_UNINITIALIZED_AUTOS = YES_AGGRESSIVE;
				GCC_WARN_UNUSED_FUNCTION = YES;
				GCC_WARN_UNUSED_VARIABLE = YES;
				IPHONEOS_DEPLOYMENT_TARGET = 14.5;
				MTL_ENABLE_DEBUG_INFO = NO;
				MTL_FAST_MATH = YES;
				SDKROOT = iphoneos;
				SWIFT_COMPILATION_MODE = wholemodule;
				SWIFT_OPTIMIZATION_LEVEL = "-O";
				VALIDATE_PRODUCT = YES;
			};
			name = Release;
		};
		AACAAC7926D2EA66000A6311 /* Debug */ = {
			isa = XCBuildConfiguration;
			buildSettings = {
				ASSETCATALOG_COMPILER_APPICON_NAME = AppIcon;
				ASSETCATALOG_COMPILER_GLOBAL_ACCENT_COLOR_NAME = AccentColor;
				CODE_SIGN_STYLE = Automatic;
				DEVELOPMENT_TEAM = 34P4RF23ET;
				INFOPLIST_FILE = "Addiction Timer/Info.plist";
				IPHONEOS_DEPLOYMENT_TARGET = 13.0;
				LD_RUNPATH_SEARCH_PATHS = (
					"$(inherited)",
					"@executable_path/Frameworks",
				);
				PRODUCT_BUNDLE_IDENTIFIER = "com.kennydubroff.Addiction-Timer";
				PRODUCT_NAME = "$(TARGET_NAME)";
				SWIFT_VERSION = 5.0;
				TARGETED_DEVICE_FAMILY = 1;
			};
			name = Debug;
		};
		AACAAC7A26D2EA66000A6311 /* Release */ = {
			isa = XCBuildConfiguration;
			buildSettings = {
				ASSETCATALOG_COMPILER_APPICON_NAME = AppIcon;
				ASSETCATALOG_COMPILER_GLOBAL_ACCENT_COLOR_NAME = AccentColor;
				CODE_SIGN_STYLE = Automatic;
				DEVELOPMENT_TEAM = 34P4RF23ET;
				INFOPLIST_FILE = "Addiction Timer/Info.plist";
				IPHONEOS_DEPLOYMENT_TARGET = 13.0;
				LD_RUNPATH_SEARCH_PATHS = (
					"$(inherited)",
					"@executable_path/Frameworks",
				);
				PRODUCT_BUNDLE_IDENTIFIER = "com.kennydubroff.Addiction-Timer";
				PRODUCT_NAME = "$(TARGET_NAME)";
				SWIFT_VERSION = 5.0;
				TARGETED_DEVICE_FAMILY = 1;
			};
			name = Release;
		};
/* End XCBuildConfiguration section */

/* Begin XCConfigurationList section */
		AACAAC5F26D2EA66000A6311 /* Build configuration list for PBXProject "Addiction Timer" */ = {
			isa = XCConfigurationList;
			buildConfigurations = (
				AACAAC7626D2EA66000A6311 /* Debug */,
				AACAAC7726D2EA66000A6311 /* Release */,
			);
			defaultConfigurationIsVisible = 0;
			defaultConfigurationName = Release;
		};
		AACAAC7826D2EA66000A6311 /* Build configuration list for PBXNativeTarget "Addiction Timer" */ = {
			isa = XCConfigurationList;
			buildConfigurations = (
				AACAAC7926D2EA66000A6311 /* Debug */,
				AACAAC7A26D2EA66000A6311 /* Release */,
			);
			defaultConfigurationIsVisible = 0;
			defaultConfigurationName = Release;
		};
/* End XCConfigurationList section */
	};
	rootObject = AACAAC5C26D2EA66000A6311 /* Project object */;
}
